
Microsoft Visual Studio Solution File, Format Version 12.00
# Visual Studio Version 16
VisualStudioVersion = 16.0.30804.86
MinimumVisualStudioVersion = 10.0.40219.1
Project("{FAE04EC0-301F-11D3-BF4B-00C04F79EFBC}") = "Punto4", "Punto4\Punto4.csproj", "{B84D2DFD-FB57-4285-A514-B5C82CB35FD4}"
EndProject
Project("{FAE04EC0-301F-11D3-BF4B-00C04F79EFBC}") = "LogTests", "LogTests\LogTests.csproj", "{1BED2EA2-59FA-4141-BC7C-06FC3BDEE45C}"
EndProject
Global
	GlobalSection(SolutionConfigurationPlatforms) = preSolution
		Debug|Any CPU = Debug|Any CPU
		Release|Any CPU = Release|Any CPU
	EndGlobalSection
	GlobalSection(ProjectConfigurationPlatforms) = postSolution
		{B84D2DFD-FB57-4285-A514-B5C82CB35FD4}.Debug|Any CPU.ActiveCfg = Debug|Any CPU
		{B84D2DFD-FB57-4285-A514-B5C82CB35FD4}.Debug|Any CPU.Build.0 = Debug|Any CPU
		{B84D2DFD-FB57-4285-A514-B5C82CB35FD4}.Release|Any CPU.ActiveCfg = Release|Any CPU
		{B84D2DFD-FB57-4285-A514-B5C82CB35FD4}.Release|Any CPU.Build.0 = Release|Any CPU
		{1BED2EA2-59FA-4141-BC7C-06FC3BDEE45C}.Debug|Any CPU.ActiveCfg = Debug|Any CPU
		{1BED2EA2-59FA-4141-BC7C-06FC3BDEE45C}.Debug|Any CPU.Build.0 = Debug|Any CPU
		{1BED2EA2-59FA-4141-BC7C-06FC3BDEE45C}.Release|Any CPU.ActiveCfg = Release|Any CPU
		{1BED2EA2-59FA-4141-BC7C-06FC3BDEE45C}.Release|Any CPU.Build.0 = Release|Any CPU
	EndGlobalSection
	GlobalSection(SolutionProperties) = preSolution
		HideSolutionNode = FALSE
	EndGlobalSection
	GlobalSection(ExtensibilityGlobals) = postSolution
		SolutionGuid = {70FB6A86-5706-473B-A7C5-01876C2E346E}
	EndGlobalSection
EndGlobal
